{
  "name": "demo",
  "version": "0.0.1",
  "lockfileVersion": 1,
  "requires": true,
  "dependencies": {
    "restyped": {
      "version": "1.1.0",
      "resolved": "https://registry.npmjs.org/restyped/-/restyped-1.1.0.tgz",
      "integrity": "sha512-Q5rxwCnw0AR4/8I7YOxE0/ElyHcB86UtV4U0RnyxXY/s8EDwd1AZGTXxrKQUAdVbPljlNsz4VXXq6oT5HnnxPw=="
    },
    "stencil-quantum": {
      "version": "0.5.5",
      "resolved": "https://registry.npmjs.org/stencil-quantum/-/stencil-quantum-0.5.5.tgz",
      "integrity": "sha512-qVRvOMMJ4pFdOOHYIejvYIcbJHBrf92Pj8JrERc+azibdZZO6mrNE05QzVZiiNwIkj14OY5HvwMPblQjQyPtZg==",
      "requires": {
        "restyped": "^1.1.0"
      }
    }
  }
}
